
Microsoft Visual Studio Solution File, Format Version 12.00
# Visual Studio Version 17
VisualStudioVersion = 17.9.34622.214
MinimumVisualStudioVersion = 10.0.40219.1
Project("{FAE04EC0-301F-11D3-BF4B-00C04F79EFBC}") = "KSN-SAS", "KSN-SAS\KSN-SAS.csproj", "{51F72124-6AC7-4B90-84F6-F03B2D20F6FE}"
EndProject
Global
	GlobalSection(SolutionConfigurationPlatforms) = preSolution
		Debug|Any CPU = Debug|Any CPU
		Release|Any CPU = Release|Any CPU
	EndGlobalSection
	GlobalSection(ProjectConfigurationPlatforms) = postSolution
		{51F72124-6AC7-4B90-84F6-F03B2D20F6FE}.Debug|Any CPU.ActiveCfg = Debug|Any CPU
		{51F72124-6AC7-4B90-84F6-F03B2D20F6FE}.Debug|Any CPU.Build.0 = Debug|Any CPU
		{51F72124-6AC7-4B90-84F6-F03B2D20F6FE}.Release|Any CPU.ActiveCfg = Release|Any CPU
		{51F72124-6AC7-4B90-84F6-F03B2D20F6FE}.Release|Any CPU.Build.0 = Release|Any CPU
	EndGlobalSection
	GlobalSection(SolutionProperties) = preSolution
		HideSolutionNode = FALSE
	EndGlobalSection
	GlobalSection(ExtensibilityGlobals) = postSolution
		SolutionGuid = {0297375E-5C4A-47F4-BA49-051D62E72606}
	EndGlobalSection
EndGlobal
